
Microsoft Visual Studio Solution File, Format Version 12.00
# Visual Studio Version 17
VisualStudioVersion = 17.14.36429.23
MinimumVisualStudioVersion = 10.0.40219.1
Project("{FAE04EC0-301F-11D3-BF4B-00C04F79EFBC}") = "Arreglos", "Arreglos\Arreglos.csproj", "{8903AE83-923A-4C08-B5FE-D2C583D06928}"
EndProject
Project("{FAE04EC0-301F-11D3-BF4B-00C04F79EFBC}") = "Listas", "Listas\Listas.csproj", "{013EC529-B234-47E7-B27E-9F24491CB2A1}"
EndProject
Global
	GlobalSection(SolutionConfigurationPlatforms) = preSolution
		Debug|Any CPU = Debug|Any CPU
		Release|Any CPU = Release|Any CPU
	EndGlobalSection
	GlobalSection(ProjectConfigurationPlatforms) = postSolution
		{8903AE83-923A-4C08-B5FE-D2C583D06928}.Debug|Any CPU.ActiveCfg = Debug|Any CPU
		{8903AE83-923A-4C08-B5FE-D2C583D06928}.Debug|Any CPU.Build.0 = Debug|Any CPU
		{8903AE83-923A-4C08-B5FE-D2C583D06928}.Release|Any CPU.ActiveCfg = Release|Any CPU
		{8903AE83-923A-4C08-B5FE-D2C583D06928}.Release|Any CPU.Build.0 = Release|Any CPU
		{013EC529-B234-47E7-B27E-9F24491CB2A1}.Debug|Any CPU.ActiveCfg = Debug|Any CPU
		{013EC529-B234-47E7-B27E-9F24491CB2A1}.Debug|Any CPU.Build.0 = Debug|Any CPU
		{013EC529-B234-47E7-B27E-9F24491CB2A1}.Release|Any CPU.ActiveCfg = Release|Any CPU
		{013EC529-B234-47E7-B27E-9F24491CB2A1}.Release|Any CPU.Build.0 = Release|Any CPU
	EndGlobalSection
	GlobalSection(SolutionProperties) = preSolution
		HideSolutionNode = FALSE
	EndGlobalSection
	GlobalSection(ExtensibilityGlobals) = postSolution
		SolutionGuid = {8F2F9C47-E6BD-464A-92C8-D6FD7206683D}
	EndGlobalSection
EndGlobal
